// !$*UTF8*$!
{
	archiveVersion = 1;
	classes = {
	};
	objectVersion = 50;
	objects = {

/* Begin PBXBuildFile section */
		FAEFC12E2690D80600EFD2F2 /* AppDelegate.m in Sources */ = {isa = PBXBuildFile; fileRef = FAEFC12D2690D80600EFD2F2 /* AppDelegate.m */; };
		FAEFC1392690D80700EFD2F2 /* Assets.xcassets in Resources */ = {isa = PBXBuildFile; fileRef = FAEFC1382690D80700EFD2F2 /* Assets.xcassets */; };
		FAEFC13C2690D80700EFD2F2 /* LaunchScreen.storyboard in Resources */ = {isa = PBXBuildFile; fileRef = FAEFC13A2690D80700EFD2F2 /* LaunchScreen.storyboard */; };
		FAEFC13F2690D80700EFD2F2 /* main.m in Sources */ = {isa = PBXBuildFile; fileRef = FAEFC13E2690D80700EFD2F2 /* main.m */; };
		FAEFC1482690DC7900EFD2F2 /* AuthorizationVC.m in Sources */ = {isa = PBXBuildFile; fileRef = FAEFC1462690DC7900EFD2F2 /* AuthorizationVC.m */; };
		FAEFC1492690DC7900EFD2F2 /* AuthorizationVC.xib in Resources */ = {isa = PBXBuildFile; fileRef = FAEFC1472690DC7900EFD2F2 /* AuthorizationVC.xib */; };
/* End PBXBuildFile section */

/* Begin PBXFileReference section */
		FAEFC1292690D80600EFD2F2 /* rs.ios.stage-task7.app */ = {isa = PBXFileReference; explicitFileType = wrapper.application; includeInIndex = 0; path = "rs.ios.stage-task7.app"; sourceTree = BUILT_PRODUCTS_DIR; };
		FAEFC12C2690D80600EFD2F2 /* AppDelegate.h */ = {isa = PBXFileReference; lastKnownFileType = sourcecode.c.h; path = AppDelegate.h; sourceTree = "<group>"; };
		FAEFC12D2690D80600EFD2F2 /* AppDelegate.m */ = {isa = PBXFileReference; lastKnownFileType = sourcecode.c.objc; path = AppDelegate.m; sourceTree = "<group>"; };
		FAEFC1382690D80700EFD2F2 /* Assets.xcassets */ = {isa = PBXFileReference; lastKnownFileType = folder.assetcatalog; path = Assets.xcassets; sourceTree = "<group>"; };
		FAEFC13B2690D80700EFD2F2 /* Base */ = {isa = PBXFileReference; lastKnownFileType = file.storyboard; name = Base; path = Base.lproj/LaunchScreen.storyboard; sourceTree = "<group>"; };
		FAEFC13D2690D80700EFD2F2 /* Info.plist */ = {isa = PBXFileReference; lastKnownFileType = text.plist.xml; path = Info.plist; sourceTree = "<group>"; };
		FAEFC13E2690D80700EFD2F2 /* main.m */ = {isa = PBXFileReference; lastKnownFileType = sourcecode.c.objc; path = main.m; sourceTree = "<group>"; };
		FAEFC1452690DC7900EFD2F2 /* AuthorizationVC.h */ = {isa = PBXFileReference; lastKnownFileType = sourcecode.c.h; path = AuthorizationVC.h; sourceTree = "<group>"; };
		FAEFC1462690DC7900EFD2F2 /* AuthorizationVC.m */ = {isa = PBXFileReference; lastKnownFileType = sourcecode.c.objc; path = AuthorizationVC.m; sourceTree = "<group>"; };
		FAEFC1472690DC7900EFD2F2 /* AuthorizationVC.xib */ = {isa = PBXFileReference; lastKnownFileType = file.xib; path = AuthorizationVC.xib; sourceTree = "<group>"; };
/* End PBXFileReference section */

/* Begin PBXFrameworksBuildPhase section */
		FAEFC1262690D80600EFD2F2 /* Frameworks */ = {
			isa = PBXFrameworksBuildPhase;
			buildActionMask = 2147483647;
			files = (
			);
			runOnlyForDeploymentPostprocessing = 0;
		};
/* End PBXFrameworksBuildPhase section */

/* Begin PBXGroup section */
		FAEFC1202690D80600EFD2F2 = {
			isa = PBXGroup;
			children = (
				FAEFC12B2690D80600EFD2F2 /* rs.ios.stage-task7 */,
				FAEFC12A2690D80600EFD2F2 /* Products */,
			);
			sourceTree = "<group>";
		};
		FAEFC12A2690D80600EFD2F2 /* Products */ = {
			isa = PBXGroup;
			children = (
				FAEFC1292690D80600EFD2F2 /* rs.ios.stage-task7.app */,
			);
			name = Products;
			sourceTree = "<group>";
		};
		FAEFC12B2690D80600EFD2F2 /* rs.ios.stage-task7 */ = {
			isa = PBXGroup;
			children = (
				FAEFC12C2690D80600EFD2F2 /* AppDelegate.h */,
				FAEFC12D2690D80600EFD2F2 /* AppDelegate.m */,
				FAEFC1452690DC7900EFD2F2 /* AuthorizationVC.h */,
				FAEFC1462690DC7900EFD2F2 /* AuthorizationVC.m */,
				FAEFC1472690DC7900EFD2F2 /* AuthorizationVC.xib */,
				FAEFC1382690D80700EFD2F2 /* Assets.xcassets */,
				FAEFC13A2690D80700EFD2F2 /* LaunchScreen.storyboard */,
				FAEFC13D2690D80700EFD2F2 /* Info.plist */,
				FAEFC13E2690D80700EFD2F2 /* main.m */,
			);
			path = "rs.ios.stage-task7";
			sourceTree = "<group>";
		};
/* End PBXGroup section */

/* Begin PBXNativeTarget section */
		FAEFC1282690D80600EFD2F2 /* rs.ios.stage-task7 */ = {
			isa = PBXNativeTarget;
			buildConfigurationList = FAEFC1422690D80700EFD2F2 /* Build configuration list for PBXNativeTarget "rs.ios.stage-task7" */;
			buildPhases = (
				FAEFC1252690D80600EFD2F2 /* Sources */,
				FAEFC1262690D80600EFD2F2 /* Frameworks */,
				FAEFC1272690D80600EFD2F2 /* Resources */,
			);
			buildRules = (
			);
			dependencies = (
			);
			name = "rs.ios.stage-task7";
			productName = "rs.ios.stage-task7";
			productReference = FAEFC1292690D80600EFD2F2 /* rs.ios.stage-task7.app */;
			productType = "com.apple.product-type.application";
		};
/* End PBXNativeTarget section */

/* Begin PBXProject section */
		FAEFC1212690D80600EFD2F2 /* Project object */ = {
			isa = PBXProject;
			attributes = {
				LastUpgradeCheck = 1250;
				TargetAttributes = {
					FAEFC1282690D80600EFD2F2 = {
						CreatedOnToolsVersion = 12.5.1;
					};
				};
			};
			buildConfigurationList = FAEFC1242690D80600EFD2F2 /* Build configuration list for PBXProject "rs.ios.stage-task7" */;
			compatibilityVersion = "Xcode 9.3";
			developmentRegion = en;
			hasScannedForEncodings = 0;
			knownRegions = (
				en,
				Base,
			);
			mainGroup = FAEFC1202690D80600EFD2F2;
			productRefGroup = FAEFC12A2690D80600EFD2F2 /* Products */;
			projectDirPath = "";
			projectRoot = "";
			targets = (
				FAEFC1282690D80600EFD2F2 /* rs.ios.stage-task7 */,
			);
		};
/* End PBXProject section */

/* Begin PBXResourcesBuildPhase section */
		FAEFC1272690D80600EFD2F2 /* Resources */ = {
			isa = PBXResourcesBuildPhase;
			buildActionMask = 2147483647;
			files = (
				FAEFC13C2690D80700EFD2F2 /* LaunchScreen.storyboard in Resources */,
				FAEFC1392690D80700EFD2F2 /* Assets.xcassets in Resources */,
				FAEFC1492690DC7900EFD2F2 /* AuthorizationVC.xib in Resources */,
			);
			runOnlyForDeploymentPostprocessing = 0;
		};
/* End PBXResourcesBuildPhase section */

/* Begin PBXSourcesBuildPhase section */
		FAEFC1252690D80600EFD2F2 /* Sources */ = {
			isa = PBXSourcesBuildPhase;
			buildActionMask = 2147483647;
			files = (
				FAEFC12E2690D80600EFD2F2 /* AppDelegate.m in Sources */,
				FAEFC13F2690D80700EFD2F2 /* main.m in Sources */,
				FAEFC1482690DC7900EFD2F2 /* AuthorizationVC.m in Sources */,
			);
			runOnlyForDeploymentPostprocessing = 0;
		};
/* End PBXSourcesBuildPhase section */

/* Begin PBXVariantGroup section */
		FAEFC13A2690D80700EFD2F2 /* LaunchScreen.storyboard */ = {
			isa = PBXVariantGroup;
			children = (
				FAEFC13B2690D80700EFD2F2 /* Base */,
			);
			name = LaunchScreen.storyboard;
			sourceTree = "<group>";
		};
/* End PBXVariantGroup section */

/* Begin XCBuildConfiguration section */
		FAEFC1402690D80700EFD2F2 /* Debug */ = {
			isa = XCBuildConfiguration;
			buildSettings = {
				ALWAYS_SEARCH_USER_PATHS = NO;
				CLANG_ANALYZER_NONNULL = YES;
				CLANG_ANALYZER_NUMBER_OBJECT_CONVERSION = YES_AGGRESSIVE;
				CLANG_CXX_LANGUAGE_STANDARD = "gnu++14";
				CLANG_CXX_LIBRARY = "libc++";
				CLANG_ENABLE_MODULES = YES;
				CLANG_ENABLE_OBJC_ARC = YES;
				CLANG_ENABLE_OBJC_WEAK = YES;
				CLANG_WARN_BLOCK_CAPTURE_AUTORELEASING = YES;
				CLANG_WARN_BOOL_CONVERSION = YES;
				CLANG_WARN_COMMA = YES;
				CLANG_WARN_CONSTANT_CONVERSION = YES;
				CLANG_WARN_DEPRECATED_OBJC_IMPLEMENTATIONS = YES;
				CLANG_WARN_DIRECT_OBJC_ISA_USAGE = YES_ERROR;
				CLANG_WARN_DOCUMENTATION_COMMENTS = YES;
				CLANG_WARN_EMPTY_BODY = YES;
				CLANG_WARN_ENUM_CONVERSION = YES;
				CLANG_WARN_INFINITE_RECURSION = YES;
				CLANG_WARN_INT_CONVERSION = YES;
				CLANG_WARN_NON_LITERAL_NULL_CONVERSION = YES;
				CLANG_WARN_OBJC_IMPLICIT_RETAIN_SELF = YES;
				CLANG_WARN_OBJC_LITERAL_CONVERSION = YES;
				CLANG_WARN_OBJC_ROOT_CLASS = YES_ERROR;
				CLANG_WARN_QUOTED_INCLUDE_IN_FRAMEWORK_HEADER = YES;
				CLANG_WARN_RANGE_LOOP_ANALYSIS = YES;
				CLANG_WARN_STRICT_PROTOTYPES = YES;
				CLANG_WARN_SUSPICIOUS_MOVE = YES;
				CLANG_WARN_UNGUARDED_AVAILABILITY = YES_AGGRESSIVE;
				CLANG_WARN_UNREACHABLE_CODE = YES;
				CLANG_WARN__DUPLICATE_METHOD_MATCH = YES;
				COPY_PHASE_STRIP = NO;
				DEBUG_INFORMATION_FORMAT = dwarf;
				ENABLE_STRICT_OBJC_MSGSEND = YES;
				ENABLE_TESTABILITY = YES;
				GCC_C_LANGUAGE_STANDARD = gnu11;
				GCC_DYNAMIC_NO_PIC = NO;
				GCC_NO_COMMON_BLOCKS = YES;
				GCC_OPTIMIZATION_LEVEL = 0;
				GCC_PREPROCESSOR_DEFINITIONS = (
					"DEBUG=1",
					"$(inherited)",
				);
				GCC_WARN_64_TO_32_BIT_CONVERSION = YES;
				GCC_WARN_ABOUT_RETURN_TYPE = YES_ERROR;
				GCC_WARN_UNDECLARED_SELECTOR = YES;
				GCC_WARN_UNINITIALIZED_AUTOS = YES_AGGRESSIVE;
				GCC_WARN_UNUSED_FUNCTION = YES;
				GCC_WARN_UNUSED_VARIABLE = YES;
				IPHONEOS_DEPLOYMENT_TARGET = 12.1;
				MTL_ENABLE_DEBUG_INFO = INCLUDE_SOURCE;
				MTL_FAST_MATH = YES;
				ONLY_ACTIVE_ARCH = YES;
				SDKROOT = iphoneos;
			};
			name = Debug;
		};
		FAEFC1412690D80700EFD2F2 /* Release */ = {
			isa = XCBuildConfiguration;
			buildSettings = {
				ALWAYS_SEARCH_USER_PATHS = NO;
				CLANG_ANALYZER_NONNULL = YES;
				CLANG_ANALYZER_NUMBER_OBJECT_CONVERSION = YES_AGGRESSIVE;
				CLANG_CXX_LANGUAGE_STANDARD = "gnu++14";
				CLANG_CXX_LIBRARY = "libc++";
				CLANG_ENABLE_MODULES = YES;
				CLANG_ENABLE_OBJC_ARC = YES;
				CLANG_ENABLE_OBJC_WEAK = YES;
				CLANG_WARN_BLOCK_CAPTURE_AUTORELEASING = YES;
				CLANG_WARN_BOOL_CONVERSION = YES;
				CLANG_WARN_COMMA = YES;
				CLANG_WARN_CONSTANT_CONVERSION = YES;
				CLANG_WARN_DEPRECATED_OBJC_IMPLEMENTATIONS = YES;
				CLANG_WARN_DIRECT_OBJC_ISA_USAGE = YES_ERROR;
				CLANG_WARN_DOCUMENTATION_COMMENTS = YES;
				CLANG_WARN_EMPTY_BODY = YES;
				CLANG_WARN_ENUM_CONVERSION = YES;
				CLANG_WARN_INFINITE_RECURSION = YES;
				CLANG_WARN_INT_CONVERSION = YES;
				CLANG_WARN_NON_LITERAL_NULL_CONVERSION = YES;
				CLANG_WARN_OBJC_IMPLICIT_RETAIN_SELF = YES;
				CLANG_WARN_OBJC_LITERAL_CONVERSION = YES;
				CLANG_WARN_OBJC_ROOT_CLASS = YES_ERROR;
				CLANG_WARN_QUOTED_INCLUDE_IN_FRAMEWORK_HEADER = YES;
				CLANG_WARN_RANGE_LOOP_ANALYSIS = YES;
				CLANG_WARN_STRICT_PROTOTYPES = YES;
				CLANG_WARN_SUSPICIOUS_MOVE = YES;
				CLANG_WARN_UNGUARDED_AVAILABILITY = YES_AGGRESSIVE;
				CLANG_WARN_UNREACHABLE_CODE = YES;
				CLANG_WARN__DUPLICATE_METHOD_MATCH = YES;
				COPY_PHASE_STRIP = NO;
				DEBUG_INFORMATION_FORMAT = "dwarf-with-dsym";
				ENABLE_NS_ASSERTIONS = NO;
				ENABLE_STRICT_OBJC_MSGSEND = YES;
				GCC_C_LANGUAGE_STANDARD = gnu11;
				GCC_NO_COMMON_BLOCKS = YES;
				GCC_WARN_64_TO_32_BIT_CONVERSION = YES;
				GCC_WARN_ABOUT_RETURN_TYPE = YES_ERROR;
				GCC_WARN_UNDECLARED_SELECTOR = YES;
				GCC_WARN_UNINITIALIZED_AUTOS = YES_AGGRESSIVE;
				GCC_WARN_UNUSED_FUNCTION = YES;
				GCC_WARN_UNUSED_VARIABLE = YES;
				IPHONEOS_DEPLOYMENT_TARGET = 12.1;
				MTL_ENABLE_DEBUG_INFO = NO;
				MTL_FAST_MATH = YES;
				SDKROOT = iphoneos;
				VALIDATE_PRODUCT = YES;
			};
			name = Release;
		};
		FAEFC1432690D80700EFD2F2 /* Debug */ = {
			isa = XCBuildConfiguration;
			buildSettings = {
				ASSETCATALOG_COMPILER_APPICON_NAME = AppIcon;
				ASSETCATALOG_COMPILER_GLOBAL_ACCENT_COLOR_NAME = AccentColor;
				CODE_SIGN_STYLE = Automatic;
				DEVELOPMENT_TEAM = XSHGPTJ77Y;
				INFOPLIST_FILE = "rs.ios.stage-task7/Info.plist";
				LD_RUNPATH_SEARCH_PATHS = (
					"$(inherited)",
					"@executable_path/Frameworks",
				);
				PRODUCT_BUNDLE_IDENTIFIER = "com.alexknopach.rs-ios-stage-task7";
				PRODUCT_NAME = "$(TARGET_NAME)";
				TARGETED_DEVICE_FAMILY = "1,2";
			};
			name = Debug;
		};
		FAEFC1442690D80700EFD2F2 /* Release */ = {
			isa = XCBuildConfiguration;
			buildSettings = {
				ASSETCATALOG_COMPILER_APPICON_NAME = AppIcon;
				ASSETCATALOG_COMPILER_GLOBAL_ACCENT_COLOR_NAME = AccentColor;
				CODE_SIGN_STYLE = Automatic;
				DEVELOPMENT_TEAM = XSHGPTJ77Y;
				INFOPLIST_FILE = "rs.ios.stage-task7/Info.plist";
				LD_RUNPATH_SEARCH_PATHS = (
					"$(inherited)",
					"@executable_path/Frameworks",
				);
				PRODUCT_BUNDLE_IDENTIFIER = "com.alexknopach.rs-ios-stage-task7";
				PRODUCT_NAME = "$(TARGET_NAME)";
				TARGETED_DEVICE_FAMILY = "1,2";
			};
			name = Release;
		};
/* End XCBuildConfiguration section */

/* Begin XCConfigurationList section */
		FAEFC1242690D80600EFD2F2 /* Build configuration list for PBXProject "rs.ios.stage-task7" */ = {
			isa = XCConfigurationList;
			buildConfigurations = (
				FAEFC1402690D80700EFD2F2 /* Debug */,
				FAEFC1412690D80700EFD2F2 /* Release */,
			);
			defaultConfigurationIsVisible = 0;
			defaultConfigurationName = Release;
		};
		FAEFC1422690D80700EFD2F2 /* Build configuration list for PBXNativeTarget "rs.ios.stage-task7" */ = {
			isa = XCConfigurationList;
			buildConfigurations = (
				FAEFC1432690D80700EFD2F2 /* Debug */,
				FAEFC1442690D80700EFD2F2 /* Release */,
			);
			defaultConfigurationIsVisible = 0;
			defaultConfigurationName = Release;
		};
/* End XCConfigurationList section */
	};
	rootObject = FAEFC1212690D80600EFD2F2 /* Project object */;
}
